
Microsoft Visual Studio Solution File, Format Version 12.00
# Visual Studio Version 17
VisualStudioVersion = 17.14.36603.0
MinimumVisualStudioVersion = 10.0.40219.1
Project("{FAE04EC0-301F-11D3-BF4B-00C04F79EFBC}") = "UNIVERSITY.EDUCATION.PLATFORMS", "UNIVERSITY.EDUCATION.PLATFORMS\UNIVERSITY.EDUCATION.PLATFORMS.csproj", "{32C474D3-EA76-3A0D-D913-43AE33C1CC85}"
EndProject
Project("{FAE04EC0-301F-11D3-BF4B-00C04F79EFBC}") = "UNIVERSITY.EDUCATION.PLATFORMS.AppHost", "UNIVERSITY.EDUCATION.PLATFORMS.AppHost\UNIVERSITY.EDUCATION.PLATFORMS.AppHost.csproj", "{6FA5BCF0-BFEA-4B26-8D03-37E8C7AE3A67}"
EndProject
Project("{FAE04EC0-301F-11D3-BF4B-00C04F79EFBC}") = "UNIVERSITY.EDUCATION.PLATFORMS.ServiceDefaults", "UNIVERSITY.EDUCATION.PLATFORMS.ServiceDefaults\UNIVERSITY.EDUCATION.PLATFORMS.ServiceDefaults.csproj", "{7840A3AA-CDE1-2616-7972-70186F292175}"
EndProject
Project("{2150E333-8FDC-42A3-9474-1A3956D46DE8}") = "src", "src", "{02EA681E-C7D8-13C7-8484-4AC65E1B71E8}"
EndProject
Project("{2150E333-8FDC-42A3-9474-1A3956D46DE8}") = "tests", "tests", "{144DF9BA-3184-4931-BCFF-A39DE89222A9}"
EndProject
Project("{FAE04EC0-301F-11D3-BF4B-00C04F79EFBC}") = "UNIVERSITY.EDUCATION.PLATFORMS.Domain", "UNIVERSITY.EDUCATION.PLATFORMS.Domain\UNIVERSITY.EDUCATION.PLATFORMS.Domain.csproj", "{56214DB6-5442-4AFF-AA82-0CBA4BEE556C}"
EndProject
Project("{FAE04EC0-301F-11D3-BF4B-00C04F79EFBC}") = "UNIVERSITY.EDUCATION.PLATFORMS.Web", "UNIVERSITY.EDUCATION.PLATFORMS.Web\UNIVERSITY.EDUCATION.PLATFORMS.Web.csproj", "{A938D6E3-124D-4D90-AAAF-D6BDFDE2A04C}"
EndProject
Project("{FAE04EC0-301F-11D3-BF4B-00C04F79EFBC}") = "UNIVERSITY.EDUCATION.PLATFORMS.Application", "UNIVERSITY.EDUCATION.PLATFORMS.Application\UNIVERSITY.EDUCATION.PLATFORMS.Application.csproj", "{E7618EAD-935C-44F9-87E3-A1D0A1ABC99A}"
EndProject
Project("{FAE04EC0-301F-11D3-BF4B-00C04F79EFBC}") = "UNIVERSITY.EDUCATION.PLATFORMS.Infrastructure", "UNIVERSITY.EDUCATION.PLATFORMS.Infastructure\UNIVERSITY.EDUCATION.PLATFORMS.Infrastructure.csproj", "{6BBAAF0C-ED82-45CB-AAC8-ED6872C62A8E}"
EndProject
Project("{FAE04EC0-301F-11D3-BF4B-00C04F79EFBC}") = "UNIVERSITY.EDUCATION.PLATFORMS.IntegrationTest", "UNIVERSITY.EDUCATION.PLATFORMS.IntegrationTest\UNIVERSITY.EDUCATION.PLATFORMS.IntegrationTest.csproj", "{968A9B58-792E-4ABC-9262-315B10E73323}"
EndProject
Project("{FAE04EC0-301F-11D3-BF4B-00C04F79EFBC}") = "UNIVERSITY.EDUCATION.PLATFORMS.UnitTests", "UNIVERSITY.EDUCATION.PLATFORMS.UnitTests\UNIVERSITY.EDUCATION.PLATFORMS.UnitTests.csproj", "{E6BC6C79-36C2-4348-9DAA-59C9A675136E}"
EndProject
Global
	GlobalSection(SolutionConfigurationPlatforms) = preSolution
		Debug|Any CPU = Debug|Any CPU
		Release|Any CPU = Release|Any CPU
	EndGlobalSection
	GlobalSection(ProjectConfigurationPlatforms) = postSolution
		{32C474D3-EA76-3A0D-D913-43AE33C1CC85}.Debug|Any CPU.ActiveCfg = Debug|Any CPU
		{32C474D3-EA76-3A0D-D913-43AE33C1CC85}.Debug|Any CPU.Build.0 = Debug|Any CPU
		{32C474D3-EA76-3A0D-D913-43AE33C1CC85}.Release|Any CPU.ActiveCfg = Release|Any CPU
		{32C474D3-EA76-3A0D-D913-43AE33C1CC85}.Release|Any CPU.Build.0 = Release|Any CPU
		{6FA5BCF0-BFEA-4B26-8D03-37E8C7AE3A67}.Debug|Any CPU.ActiveCfg = Debug|Any CPU
		{6FA5BCF0-BFEA-4B26-8D03-37E8C7AE3A67}.Debug|Any CPU.Build.0 = Debug|Any CPU
		{6FA5BCF0-BFEA-4B26-8D03-37E8C7AE3A67}.Release|Any CPU.ActiveCfg = Release|Any CPU
		{6FA5BCF0-BFEA-4B26-8D03-37E8C7AE3A67}.Release|Any CPU.Build.0 = Release|Any CPU
		{7840A3AA-CDE1-2616-7972-70186F292175}.Debug|Any CPU.ActiveCfg = Debug|Any CPU
		{7840A3AA-CDE1-2616-7972-70186F292175}.Debug|Any CPU.Build.0 = Debug|Any CPU
		{7840A3AA-CDE1-2616-7972-70186F292175}.Release|Any CPU.ActiveCfg = Release|Any CPU
		{7840A3AA-CDE1-2616-7972-70186F292175}.Release|Any CPU.Build.0 = Release|Any CPU
		{56214DB6-5442-4AFF-AA82-0CBA4BEE556C}.Debug|Any CPU.ActiveCfg = Debug|Any CPU
		{56214DB6-5442-4AFF-AA82-0CBA4BEE556C}.Debug|Any CPU.Build.0 = Debug|Any CPU
		{56214DB6-5442-4AFF-AA82-0CBA4BEE556C}.Release|Any CPU.ActiveCfg = Release|Any CPU
		{56214DB6-5442-4AFF-AA82-0CBA4BEE556C}.Release|Any CPU.Build.0 = Release|Any CPU
		{A938D6E3-124D-4D90-AAAF-D6BDFDE2A04C}.Debug|Any CPU.ActiveCfg = Debug|Any CPU
		{A938D6E3-124D-4D90-AAAF-D6BDFDE2A04C}.Debug|Any CPU.Build.0 = Debug|Any CPU
		{A938D6E3-124D-4D90-AAAF-D6BDFDE2A04C}.Release|Any CPU.ActiveCfg = Release|Any CPU
		{A938D6E3-124D-4D90-AAAF-D6BDFDE2A04C}.Release|Any CPU.Build.0 = Release|Any CPU
		{E7618EAD-935C-44F9-87E3-A1D0A1ABC99A}.Debug|Any CPU.ActiveCfg = Debug|Any CPU
		{E7618EAD-935C-44F9-87E3-A1D0A1ABC99A}.Debug|Any CPU.Build.0 = Debug|Any CPU
		{E7618EAD-935C-44F9-87E3-A1D0A1ABC99A}.Release|Any CPU.ActiveCfg = Release|Any CPU
		{E7618EAD-935C-44F9-87E3-A1D0A1ABC99A}.Release|Any CPU.Build.0 = Release|Any CPU
		{6BBAAF0C-ED82-45CB-AAC8-ED6872C62A8E}.Debug|Any CPU.ActiveCfg = Debug|Any CPU
		{6BBAAF0C-ED82-45CB-AAC8-ED6872C62A8E}.Debug|Any CPU.Build.0 = Debug|Any CPU
		{6BBAAF0C-ED82-45CB-AAC8-ED6872C62A8E}.Release|Any CPU.ActiveCfg = Release|Any CPU
		{6BBAAF0C-ED82-45CB-AAC8-ED6872C62A8E}.Release|Any CPU.Build.0 = Release|Any CPU
		{968A9B58-792E-4ABC-9262-315B10E73323}.Debug|Any CPU.ActiveCfg = Debug|Any CPU
		{968A9B58-792E-4ABC-9262-315B10E73323}.Debug|Any CPU.Build.0 = Debug|Any CPU
		{968A9B58-792E-4ABC-9262-315B10E73323}.Release|Any CPU.ActiveCfg = Release|Any CPU
		{968A9B58-792E-4ABC-9262-315B10E73323}.Release|Any CPU.Build.0 = Release|Any CPU
		{E6BC6C79-36C2-4348-9DAA-59C9A675136E}.Debug|Any CPU.ActiveCfg = Debug|Any CPU
		{E6BC6C79-36C2-4348-9DAA-59C9A675136E}.Debug|Any CPU.Build.0 = Debug|Any CPU
		{E6BC6C79-36C2-4348-9DAA-59C9A675136E}.Release|Any CPU.ActiveCfg = Release|Any CPU
		{E6BC6C79-36C2-4348-9DAA-59C9A675136E}.Release|Any CPU.Build.0 = Release|Any CPU
	EndGlobalSection
	GlobalSection(SolutionProperties) = preSolution
		HideSolutionNode = FALSE
	EndGlobalSection
	GlobalSection(NestedProjects) = preSolution
		{32C474D3-EA76-3A0D-D913-43AE33C1CC85} = {02EA681E-C7D8-13C7-8484-4AC65E1B71E8}
		{6FA5BCF0-BFEA-4B26-8D03-37E8C7AE3A67} = {02EA681E-C7D8-13C7-8484-4AC65E1B71E8}
		{7840A3AA-CDE1-2616-7972-70186F292175} = {02EA681E-C7D8-13C7-8484-4AC65E1B71E8}
		{56214DB6-5442-4AFF-AA82-0CBA4BEE556C} = {02EA681E-C7D8-13C7-8484-4AC65E1B71E8}
		{A938D6E3-124D-4D90-AAAF-D6BDFDE2A04C} = {02EA681E-C7D8-13C7-8484-4AC65E1B71E8}
		{E7618EAD-935C-44F9-87E3-A1D0A1ABC99A} = {02EA681E-C7D8-13C7-8484-4AC65E1B71E8}
		{6BBAAF0C-ED82-45CB-AAC8-ED6872C62A8E} = {02EA681E-C7D8-13C7-8484-4AC65E1B71E8}
		{968A9B58-792E-4ABC-9262-315B10E73323} = {144DF9BA-3184-4931-BCFF-A39DE89222A9}
		{E6BC6C79-36C2-4348-9DAA-59C9A675136E} = {144DF9BA-3184-4931-BCFF-A39DE89222A9}
	EndGlobalSection
	GlobalSection(ExtensibilityGlobals) = postSolution
		SolutionGuid = {02D46642-9649-4C43-B3D7-28DC3939007F}
	EndGlobalSection
EndGlobal
